{
  "requires": true,
  "lockfileVersion": 1,
  "dependencies": {
    "deserialize-error": {
      "version": "0.0.3",
      "resolved": "https://registry.npmjs.org/deserialize-error/-/deserialize-error-0.0.3.tgz",
      "integrity": "sha1-9WhjNXLXwsxGpVpfwlS23857P8o="
    },
    "serialize-error": {
      "version": "2.1.0",
      "resolved": "https://registry.npmjs.org/serialize-error/-/serialize-error-2.1.0.tgz",
      "integrity": "sha1-ULZ51WNc34Rme9yOWa9OW4HV9go="
    },
    "vm2": {
      "version": "3.6.0",
      "resolved": "https://registry.npmjs.org/vm2/-/vm2-3.6.0.tgz",
      "integrity": "sha512-NPfqWC4QZ5NizUpzCFYrnZlx63G5+DB19wenQNjWUP4/7SOkBQpTWIb1upnL6SZw8yhaAyQFXHc3U223MJme4w=="
    }
  }
}
